
Microsoft Visual Studio Solution File, Format Version 12.00
# Visual Studio Version 17
VisualStudioVersion = 17.11.35303.130
MinimumVisualStudioVersion = 10.0.40219.1
Project("{FAE04EC0-301F-11D3-BF4B-00C04F79EFBC}") = "tentativa7", "tentativa7\tentativa7.csproj", "{0B92A654-D302-494A-816E-011A3FB439F1}"
EndProject
Global
	GlobalSection(SolutionConfigurationPlatforms) = preSolution
		Debug|Any CPU = Debug|Any CPU
		Release|Any CPU = Release|Any CPU
	EndGlobalSection
	GlobalSection(ProjectConfigurationPlatforms) = postSolution
		{0B92A654-D302-494A-816E-011A3FB439F1}.Debug|Any CPU.ActiveCfg = Debug|Any CPU
		{0B92A654-D302-494A-816E-011A3FB439F1}.Debug|Any CPU.Build.0 = Debug|Any CPU
		{0B92A654-D302-494A-816E-011A3FB439F1}.Release|Any CPU.ActiveCfg = Release|Any CPU
		{0B92A654-D302-494A-816E-011A3FB439F1}.Release|Any CPU.Build.0 = Release|Any CPU
	EndGlobalSection
	GlobalSection(SolutionProperties) = preSolution
		HideSolutionNode = FALSE
	EndGlobalSection
	GlobalSection(ExtensibilityGlobals) = postSolution
		SolutionGuid = {D37FE1A8-94E1-4631-B021-4FABB65FA818}
	EndGlobalSection
EndGlobal
